
Microsoft Visual Studio Solution File, Format Version 12.00
# Visual Studio Version 17
VisualStudioVersion = 17.7.34221.43
MinimumVisualStudioVersion = 10.0.40219.1
Project("{FAE04EC0-301F-11D3-BF4B-00C04F79EFBC}") = "FastResults", "FastResults.csproj", "{67271FE0-5041-4A66-8AED-6F25733EE357}"
EndProject
Global
	GlobalSection(SolutionConfigurationPlatforms) = preSolution
		Debug|Any CPU = Debug|Any CPU
		Release|Any CPU = Release|Any CPU
	EndGlobalSection
	GlobalSection(ProjectConfigurationPlatforms) = postSolution
		{67271FE0-5041-4A66-8AED-6F25733EE357}.Debug|Any CPU.ActiveCfg = Debug|Any CPU
		{67271FE0-5041-4A66-8AED-6F25733EE357}.Debug|Any CPU.Build.0 = Debug|Any CPU
		{67271FE0-5041-4A66-8AED-6F25733EE357}.Release|Any CPU.ActiveCfg = Release|Any CPU
		{67271FE0-5041-4A66-8AED-6F25733EE357}.Release|Any CPU.Build.0 = Release|Any CPU
	EndGlobalSection
	GlobalSection(SolutionProperties) = preSolution
		HideSolutionNode = FALSE
	EndGlobalSection
	GlobalSection(ExtensibilityGlobals) = postSolution
		SolutionGuid = {33923B88-991F-452D-B3DA-296687DF6511}
	EndGlobalSection
EndGlobal
